{
  "name": "api_handler",
  "version": "1.0.0",
  "lockfileVersion": 2,
  "requires": true,
  "packages": {
    "": {
      "name": "api_handler",
      "version": "1.0.0",
      "license": "ISC",
       "dependencies": {
    "aws-sdk": "^2.1450.0",
    "uuid": "^9.0.0",
    "moment":"^2.29.1"
  }

    }
  }
}
